
Microsoft Visual Studio Solution File, Format Version 12.00
# Visual Studio Version 16
VisualStudioVersion = 16.0.29025.244
MinimumVisualStudioVersion = 10.0.40219.1
Project("{9A19103F-16F7-4668-BE54-9A1E7A4F7556}") = "Aladelta.Promos.Users", "Aladelta.Promos.Users\Aladelta.Promos.Users.csproj", "{2943DEC6-831B-4289-AF20-D628D580D2F2}"
EndProject
Project("{FAE04EC0-301F-11D3-BF4B-00C04F79EFBC}") = "Aladelta.Promos.Users.Core", "Aladelta.Promos.Users.Core\Aladelta.Promos.Users.Core.csproj", "{C2726DC2-40AA-4099-A15F-2EDB87C9BB5D}"
EndProject
Project("{FAE04EC0-301F-11D3-BF4B-00C04F79EFBC}") = "Aladeta.Promos.Users.Data", "Aladeta.Promos.Users.Data\Aladeta.Promos.Users.Data.csproj", "{76ACAF7B-E07D-4BC4-A54E-FD670C620275}"
EndProject
Global
	GlobalSection(SolutionConfigurationPlatforms) = preSolution
		Debug|Any CPU = Debug|Any CPU
		Release|Any CPU = Release|Any CPU
	EndGlobalSection
	GlobalSection(ProjectConfigurationPlatforms) = postSolution
		{2943DEC6-831B-4289-AF20-D628D580D2F2}.Debug|Any CPU.ActiveCfg = Debug|Any CPU
		{2943DEC6-831B-4289-AF20-D628D580D2F2}.Debug|Any CPU.Build.0 = Debug|Any CPU
		{2943DEC6-831B-4289-AF20-D628D580D2F2}.Release|Any CPU.ActiveCfg = Release|Any CPU
		{2943DEC6-831B-4289-AF20-D628D580D2F2}.Release|Any CPU.Build.0 = Release|Any CPU
		{C2726DC2-40AA-4099-A15F-2EDB87C9BB5D}.Debug|Any CPU.ActiveCfg = Debug|Any CPU
		{C2726DC2-40AA-4099-A15F-2EDB87C9BB5D}.Debug|Any CPU.Build.0 = Debug|Any CPU
		{C2726DC2-40AA-4099-A15F-2EDB87C9BB5D}.Release|Any CPU.ActiveCfg = Release|Any CPU
		{C2726DC2-40AA-4099-A15F-2EDB87C9BB5D}.Release|Any CPU.Build.0 = Release|Any CPU
		{76ACAF7B-E07D-4BC4-A54E-FD670C620275}.Debug|Any CPU.ActiveCfg = Debug|Any CPU
		{76ACAF7B-E07D-4BC4-A54E-FD670C620275}.Debug|Any CPU.Build.0 = Debug|Any CPU
		{76ACAF7B-E07D-4BC4-A54E-FD670C620275}.Release|Any CPU.ActiveCfg = Release|Any CPU
		{76ACAF7B-E07D-4BC4-A54E-FD670C620275}.Release|Any CPU.Build.0 = Release|Any CPU
	EndGlobalSection
	GlobalSection(SolutionProperties) = preSolution
		HideSolutionNode = FALSE
	EndGlobalSection
	GlobalSection(ExtensibilityGlobals) = postSolution
		SolutionGuid = {916BF41C-4D63-4928-9F87-E554C8580B2D}
	EndGlobalSection
EndGlobal
